{
  "object": {
    "pins": [
      {
        "package": "CircuitBreaker",
        "repositoryURL": "https://github.com/IBM-Swift/CircuitBreaker.git",
        "state": {
          "branch": null,
          "revision": "252f7bccb70dc34283f7a05ece624075967d1bb2",
          "version": "3.0.0"
        }
      },
      {
        "package": "LoggerAPI",
        "repositoryURL": "https://github.com/IBM-Swift/LoggerAPI.git",
        "state": {
          "branch": null,
          "revision": "6b62fe66da9b8794d6581e5c341710eea3173cd4",
          "version": "1.7.1"
        }
      },
      {
        "package": "SwiftyRequest",
        "repositoryURL": "https://github.com/IBM-Swift/SwiftyRequest.git",
        "state": {
          "branch": null,
          "revision": "bb6f8b3615bf4b6c0ab0f78df6da093f7583d98b",
          "version": "1.0.1"
        }
      }
    ]
  },
  "version": 1
}
